
Microsoft Visual Studio Solution File, Format Version 12.00
# Visual Studio Version 16
VisualStudioVersion = 16.0.29201.188
MinimumVisualStudioVersion = 10.0.40219.1
Project("{9A19103F-16F7-4668-BE54-9A1E7A4F7556}") = "Cafsa.Common", "Cafsa.Common\Cafsa.Common.csproj", "{4264C724-C4FC-486C-8C90-3BF94B64BC26}"
EndProject
Project("{9A19103F-16F7-4668-BE54-9A1E7A4F7556}") = "Cafsa.Web", "Cafsa.Web\Cafsa.Web.csproj", "{0614208B-693B-4C71-910D-A4A1CA972991}"
EndProject
Project("{FAE04EC0-301F-11D3-BF4B-00C04F79EFBC}") = "Cafsa.Prism", "Cafsa.Prism\Cafsa.Prism\Cafsa.Prism.csproj", "{D63E68AC-4280-4161-927D-22BAEB1F28E1}"
EndProject
Project("{FAE04EC0-301F-11D3-BF4B-00C04F79EFBC}") = "Cafsa.Prism.Android", "Cafsa.Prism\Cafsa.Prism.Android\Cafsa.Prism.Android.csproj", "{CC546BE7-FC32-420E-9180-46D97C25BA55}"
EndProject
Project("{FAE04EC0-301F-11D3-BF4B-00C04F79EFBC}") = "Cafsa.Prism.iOS", "Cafsa.Prism\Cafsa.Prism.iOS\Cafsa.Prism.iOS.csproj", "{2D6477B0-8440-449C-B569-36D1D23F2859}"
EndProject
Project("{FAE04EC0-301F-11D3-BF4B-00C04F79EFBC}") = "Cafsa.Prism.UWP", "Cafsa.Prism\Cafsa.Prism.UWP\Cafsa.Prism.UWP.csproj", "{0AC37521-176C-4F27-B32B-4F9726C751BF}"
EndProject
Global
	GlobalSection(SolutionConfigurationPlatforms) = preSolution
		Ad-Hoc|Any CPU = Ad-Hoc|Any CPU
		Ad-Hoc|ARM = Ad-Hoc|ARM
		Ad-Hoc|iPhone = Ad-Hoc|iPhone
		Ad-Hoc|iPhoneSimulator = Ad-Hoc|iPhoneSimulator
		Ad-Hoc|x64 = Ad-Hoc|x64
		Ad-Hoc|x86 = Ad-Hoc|x86
		AppStore|Any CPU = AppStore|Any CPU
		AppStore|ARM = AppStore|ARM
		AppStore|iPhone = AppStore|iPhone
		AppStore|iPhoneSimulator = AppStore|iPhoneSimulator
		AppStore|x64 = AppStore|x64
		AppStore|x86 = AppStore|x86
		Debug|Any CPU = Debug|Any CPU
		Debug|ARM = Debug|ARM
		Debug|iPhone = Debug|iPhone
		Debug|iPhoneSimulator = Debug|iPhoneSimulator
		Debug|x64 = Debug|x64
		Debug|x86 = Debug|x86
		Release|Any CPU = Release|Any CPU
		Release|ARM = Release|ARM
		Release|iPhone = Release|iPhone
		Release|iPhoneSimulator = Release|iPhoneSimulator
		Release|x64 = Release|x64
		Release|x86 = Release|x86
	EndGlobalSection
	GlobalSection(ProjectConfigurationPlatforms) = postSolution
		{4264C724-C4FC-486C-8C90-3BF94B64BC26}.Ad-Hoc|Any CPU.ActiveCfg = Release|Any CPU
		{4264C724-C4FC-486C-8C90-3BF94B64BC26}.Ad-Hoc|Any CPU.Build.0 = Release|Any CPU
		{4264C724-C4FC-486C-8C90-3BF94B64BC26}.Ad-Hoc|ARM.ActiveCfg = Release|Any CPU
		{4264C724-C4FC-486C-8C90-3BF94B64BC26}.Ad-Hoc|ARM.Build.0 = Release|Any CPU
		{4264C724-C4FC-486C-8C90-3BF94B64BC26}.Ad-Hoc|iPhone.ActiveCfg = Release|Any CPU
		{4264C724-C4FC-486C-8C90-3BF94B64BC26}.Ad-Hoc|iPhone.Build.0 = Release|Any CPU
		{4264C724-C4FC-486C-8C90-3BF94B64BC26}.Ad-Hoc|iPhoneSimulator.ActiveCfg = Release|Any CPU
		{4264C724-C4FC-486C-8C90-3BF94B64BC26}.Ad-Hoc|iPhoneSimulator.Build.0 = Release|Any CPU
		{4264C724-C4FC-486C-8C90-3BF94B64BC26}.Ad-Hoc|x64.ActiveCfg = Release|Any CPU
		{4264C724-C4FC-486C-8C90-3BF94B64BC26}.Ad-Hoc|x64.Build.0 = Release|Any CPU
		{4264C724-C4FC-486C-8C90-3BF94B64BC26}.Ad-Hoc|x86.ActiveCfg = Release|Any CPU
		{4264C724-C4FC-486C-8C90-3BF94B64BC26}.Ad-Hoc|x86.Build.0 = Release|Any CPU
		{4264C724-C4FC-486C-8C90-3BF94B64BC26}.AppStore|Any CPU.ActiveCfg = Release|Any CPU
		{4264C724-C4FC-486C-8C90-3BF94B64BC26}.AppStore|Any CPU.Build.0 = Release|Any CPU
		{4264C724-C4FC-486C-8C90-3BF94B64BC26}.AppStore|ARM.ActiveCfg = Release|Any CPU
		{4264C724-C4FC-486C-8C90-3BF94B64BC26}.AppStore|ARM.Build.0 = Release|Any CPU
		{4264C724-C4FC-486C-8C90-3BF94B64BC26}.AppStore|iPhone.ActiveCfg = Release|Any CPU
		{4264C724-C4FC-486C-8C90-3BF94B64BC26}.AppStore|iPhone.Build.0 = Release|Any CPU
		{4264C724-C4FC-486C-8C90-3BF94B64BC26}.AppStore|iPhoneSimulator.ActiveCfg = Release|Any CPU
		{4264C724-C4FC-486C-8C90-3BF94B64BC26}.AppStore|iPhoneSimulator.Build.0 = Release|Any CPU
		{4264C724-C4FC-486C-8C90-3BF94B64BC26}.AppStore|x64.ActiveCfg = Release|Any CPU
		{4264C724-C4FC-486C-8C90-3BF94B64BC26}.AppStore|x64.Build.0 = Release|Any CPU
		{4264C724-C4FC-486C-8C90-3BF94B64BC26}.AppStore|x86.ActiveCfg = Release|Any CPU
		{4264C724-C4FC-486C-8C90-3BF94B64BC26}.AppStore|x86.Build.0 = Release|Any CPU
		{4264C724-C4FC-486C-8C90-3BF94B64BC26}.Debug|Any CPU.ActiveCfg = Debug|Any CPU
		{4264C724-C4FC-486C-8C90-3BF94B64BC26}.Debug|Any CPU.Build.0 = Debug|Any CPU
		{4264C724-C4FC-486C-8C90-3BF94B64BC26}.Debug|ARM.ActiveCfg = Debug|Any CPU
		{4264C724-C4FC-486C-8C90-3BF94B64BC26}.Debug|ARM.Build.0 = Debug|Any CPU
		{4264C724-C4FC-486C-8C90-3BF94B64BC26}.Debug|iPhone.ActiveCfg = Debug|Any CPU
		{4264C724-C4FC-486C-8C90-3BF94B64BC26}.Debug|iPhone.Build.0 = Debug|Any CPU
		{4264C724-C4FC-486C-8C90-3BF94B64BC26}.Debug|iPhoneSimulator.ActiveCfg = Debug|Any CPU
		{4264C724-C4FC-486C-8C90-3BF94B64BC26}.Debug|iPhoneSimulator.Build.0 = Debug|Any CPU
		{4264C724-C4FC-486C-8C90-3BF94B64BC26}.Debug|x64.ActiveCfg = Debug|Any CPU
		{4264C724-C4FC-486C-8C90-3BF94B64BC26}.Debug|x64.Build.0 = Debug|Any CPU
		{4264C724-C4FC-486C-8C90-3BF94B64BC26}.Debug|x86.ActiveCfg = Debug|Any CPU
		{4264C724-C4FC-486C-8C90-3BF94B64BC26}.Debug|x86.Build.0 = Debug|Any CPU
		{4264C724-C4FC-486C-8C90-3BF94B64BC26}.Release|Any CPU.ActiveCfg = Release|Any CPU
		{4264C724-C4FC-486C-8C90-3BF94B64BC26}.Release|Any CPU.Build.0 = Release|Any CPU
		{4264C724-C4FC-486C-8C90-3BF94B64BC26}.Release|ARM.ActiveCfg = Release|Any CPU
		{4264C724-C4FC-486C-8C90-3BF94B64BC26}.Release|ARM.Build.0 = Release|Any CPU
		{4264C724-C4FC-486C-8C90-3BF94B64BC26}.Release|iPhone.ActiveCfg = Release|Any CPU
		{4264C724-C4FC-486C-8C90-3BF94B64BC26}.Release|iPhone.Build.0 = Release|Any CPU
		{4264C724-C4FC-486C-8C90-3BF94B64BC26}.Release|iPhoneSimulator.ActiveCfg = Release|Any CPU
		{4264C724-C4FC-486C-8C90-3BF94B64BC26}.Release|iPhoneSimulator.Build.0 = Release|Any CPU
		{4264C724-C4FC-486C-8C90-3BF94B64BC26}.Release|x64.ActiveCfg = Release|Any CPU
		{4264C724-C4FC-486C-8C90-3BF94B64BC26}.Release|x64.Build.0 = Release|Any CPU
		{4264C724-C4FC-486C-8C90-3BF94B64BC26}.Release|x86.ActiveCfg = Release|Any CPU
		{4264C724-C4FC-486C-8C90-3BF94B64BC26}.Release|x86.Build.0 = Release|Any CPU
		{0614208B-693B-4C71-910D-A4A1CA972991}.Ad-Hoc|Any CPU.ActiveCfg = Release|Any CPU
		{0614208B-693B-4C71-910D-A4A1CA972991}.Ad-Hoc|Any CPU.Build.0 = Release|Any CPU
		{0614208B-693B-4C71-910D-A4A1CA972991}.Ad-Hoc|ARM.ActiveCfg = Release|Any CPU
		{0614208B-693B-4C71-910D-A4A1CA972991}.Ad-Hoc|ARM.Build.0 = Release|Any CPU
		{0614208B-693B-4C71-910D-A4A1CA972991}.Ad-Hoc|iPhone.ActiveCfg = Release|Any CPU
		{0614208B-693B-4C71-910D-A4A1CA972991}.Ad-Hoc|iPhone.Build.0 = Release|Any CPU
		{0614208B-693B-4C71-910D-A4A1CA972991}.Ad-Hoc|iPhoneSimulator.ActiveCfg = Release|Any CPU
		{0614208B-693B-4C71-910D-A4A1CA972991}.Ad-Hoc|iPhoneSimulator.Build.0 = Release|Any CPU
		{0614208B-693B-4C71-910D-A4A1CA972991}.Ad-Hoc|x64.ActiveCfg = Release|Any CPU
		{0614208B-693B-4C71-910D-A4A1CA972991}.Ad-Hoc|x64.Build.0 = Release|Any CPU
		{0614208B-693B-4C71-910D-A4A1CA972991}.Ad-Hoc|x86.ActiveCfg = Release|Any CPU
		{0614208B-693B-4C71-910D-A4A1CA972991}.Ad-Hoc|x86.Build.0 = Release|Any CPU
		{0614208B-693B-4C71-910D-A4A1CA972991}.AppStore|Any CPU.ActiveCfg = Release|Any CPU
		{0614208B-693B-4C71-910D-A4A1CA972991}.AppStore|Any CPU.Build.0 = Release|Any CPU
		{0614208B-693B-4C71-910D-A4A1CA972991}.AppStore|ARM.ActiveCfg = Release|Any CPU
		{0614208B-693B-4C71-910D-A4A1CA972991}.AppStore|ARM.Build.0 = Release|Any CPU
		{0614208B-693B-4C71-910D-A4A1CA972991}.AppStore|iPhone.ActiveCfg = Release|Any CPU
		{0614208B-693B-4C71-910D-A4A1CA972991}.AppStore|iPhone.Build.0 = Release|Any CPU
		{0614208B-693B-4C71-910D-A4A1CA972991}.AppStore|iPhoneSimulator.ActiveCfg = Release|Any CPU
		{0614208B-693B-4C71-910D-A4A1CA972991}.AppStore|iPhoneSimulator.Build.0 = Release|Any CPU
		{0614208B-693B-4C71-910D-A4A1CA972991}.AppStore|x64.ActiveCfg = Release|Any CPU
		{0614208B-693B-4C71-910D-A4A1CA972991}.AppStore|x64.Build.0 = Release|Any CPU
		{0614208B-693B-4C71-910D-A4A1CA972991}.AppStore|x86.ActiveCfg = Release|Any CPU
		{0614208B-693B-4C71-910D-A4A1CA972991}.AppStore|x86.Build.0 = Release|Any CPU
		{0614208B-693B-4C71-910D-A4A1CA972991}.Debug|Any CPU.ActiveCfg = Debug|Any CPU
		{0614208B-693B-4C71-910D-A4A1CA972991}.Debug|Any CPU.Build.0 = Debug|Any CPU
		{0614208B-693B-4C71-910D-A4A1CA972991}.Debug|ARM.ActiveCfg = Debug|Any CPU
		{0614208B-693B-4C71-910D-A4A1CA972991}.Debug|ARM.Build.0 = Debug|Any CPU
		{0614208B-693B-4C71-910D-A4A1CA972991}.Debug|iPhone.ActiveCfg = Debug|Any CPU
		{0614208B-693B-4C71-910D-A4A1CA972991}.Debug|iPhone.Build.0 = Debug|Any CPU
		{0614208B-693B-4C71-910D-A4A1CA972991}.Debug|iPhoneSimulator.ActiveCfg = Debug|Any CPU
		{0614208B-693B-4C71-910D-A4A1CA972991}.Debug|iPhoneSimulator.Build.0 = Debug|Any CPU
		{0614208B-693B-4C71-910D-A4A1CA972991}.Debug|x64.ActiveCfg = Debug|Any CPU
		{0614208B-693B-4C71-910D-A4A1CA972991}.Debug|x64.Build.0 = Debug|Any CPU
		{0614208B-693B-4C71-910D-A4A1CA972991}.Debug|x86.ActiveCfg = Debug|Any CPU
		{0614208B-693B-4C71-910D-A4A1CA972991}.Debug|x86.Build.0 = Debug|Any CPU
		{0614208B-693B-4C71-910D-A4A1CA972991}.Release|Any CPU.ActiveCfg = Release|Any CPU
		{0614208B-693B-4C71-910D-A4A1CA972991}.Release|Any CPU.Build.0 = Release|Any CPU
		{0614208B-693B-4C71-910D-A4A1CA972991}.Release|ARM.ActiveCfg = Release|Any CPU
		{0614208B-693B-4C71-910D-A4A1CA972991}.Release|ARM.Build.0 = Release|Any CPU
		{0614208B-693B-4C71-910D-A4A1CA972991}.Release|iPhone.ActiveCfg = Release|Any CPU
		{0614208B-693B-4C71-910D-A4A1CA972991}.Release|iPhone.Build.0 = Release|Any CPU
		{0614208B-693B-4C71-910D-A4A1CA972991}.Release|iPhoneSimulator.ActiveCfg = Release|Any CPU
		{0614208B-693B-4C71-910D-A4A1CA972991}.Release|iPhoneSimulator.Build.0 = Release|Any CPU
		{0614208B-693B-4C71-910D-A4A1CA972991}.Release|x64.ActiveCfg = Release|Any CPU
		{0614208B-693B-4C71-910D-A4A1CA972991}.Release|x64.Build.0 = Release|Any CPU
		{0614208B-693B-4C71-910D-A4A1CA972991}.Release|x86.ActiveCfg = Release|Any CPU
		{0614208B-693B-4C71-910D-A4A1CA972991}.Release|x86.Build.0 = Release|Any CPU
		{D63E68AC-4280-4161-927D-22BAEB1F28E1}.Ad-Hoc|Any CPU.ActiveCfg = Debug|Any CPU
		{D63E68AC-4280-4161-927D-22BAEB1F28E1}.Ad-Hoc|Any CPU.Build.0 = Debug|Any CPU
		{D63E68AC-4280-4161-927D-22BAEB1F28E1}.Ad-Hoc|ARM.ActiveCfg = Debug|Any CPU
		{D63E68AC-4280-4161-927D-22BAEB1F28E1}.Ad-Hoc|ARM.Build.0 = Debug|Any CPU
		{D63E68AC-4280-4161-927D-22BAEB1F28E1}.Ad-Hoc|iPhone.ActiveCfg = Debug|Any CPU
		{D63E68AC-4280-4161-927D-22BAEB1F28E1}.Ad-Hoc|iPhone.Build.0 = Debug|Any CPU
		{D63E68AC-4280-4161-927D-22BAEB1F28E1}.Ad-Hoc|iPhoneSimulator.ActiveCfg = Debug|Any CPU
		{D63E68AC-4280-4161-927D-22BAEB1F28E1}.Ad-Hoc|iPhoneSimulator.Build.0 = Debug|Any CPU
		{D63E68AC-4280-4161-927D-22BAEB1F28E1}.Ad-Hoc|x64.ActiveCfg = Debug|Any CPU
		{D63E68AC-4280-4161-927D-22BAEB1F28E1}.Ad-Hoc|x64.Build.0 = Debug|Any CPU
		{D63E68AC-4280-4161-927D-22BAEB1F28E1}.Ad-Hoc|x86.ActiveCfg = Debug|Any CPU
		{D63E68AC-4280-4161-927D-22BAEB1F28E1}.Ad-Hoc|x86.Build.0 = Debug|Any CPU
		{D63E68AC-4280-4161-927D-22BAEB1F28E1}.AppStore|Any CPU.ActiveCfg = Debug|Any CPU
		{D63E68AC-4280-4161-927D-22BAEB1F28E1}.AppStore|Any CPU.Build.0 = Debug|Any CPU
		{D63E68AC-4280-4161-927D-22BAEB1F28E1}.AppStore|ARM.ActiveCfg = Debug|Any CPU
		{D63E68AC-4280-4161-927D-22BAEB1F28E1}.AppStore|ARM.Build.0 = Debug|Any CPU
		{D63E68AC-4280-4161-927D-22BAEB1F28E1}.AppStore|iPhone.ActiveCfg = Debug|Any CPU
		{D63E68AC-4280-4161-927D-22BAEB1F28E1}.AppStore|iPhone.Build.0 = Debug|Any CPU
		{D63E68AC-4280-4161-927D-22BAEB1F28E1}.AppStore|iPhoneSimulator.ActiveCfg = Debug|Any CPU
		{D63E68AC-4280-4161-927D-22BAEB1F28E1}.AppStore|iPhoneSimulator.Build.0 = Debug|Any CPU
		{D63E68AC-4280-4161-927D-22BAEB1F28E1}.AppStore|x64.ActiveCfg = Debug|Any CPU
		{D63E68AC-4280-4161-927D-22BAEB1F28E1}.AppStore|x64.Build.0 = Debug|Any CPU
		{D63E68AC-4280-4161-927D-22BAEB1F28E1}.AppStore|x86.ActiveCfg = Debug|Any CPU
		{D63E68AC-4280-4161-927D-22BAEB1F28E1}.AppStore|x86.Build.0 = Debug|Any CPU
		{D63E68AC-4280-4161-927D-22BAEB1F28E1}.Debug|Any CPU.ActiveCfg = Debug|Any CPU
		{D63E68AC-4280-4161-927D-22BAEB1F28E1}.Debug|Any CPU.Build.0 = Debug|Any CPU
		{D63E68AC-4280-4161-927D-22BAEB1F28E1}.Debug|ARM.ActiveCfg = Debug|Any CPU
		{D63E68AC-4280-4161-927D-22BAEB1F28E1}.Debug|ARM.Build.0 = Debug|Any CPU
		{D63E68AC-4280-4161-927D-22BAEB1F28E1}.Debug|iPhone.ActiveCfg = Debug|Any CPU
		{D63E68AC-4280-4161-927D-22BAEB1F28E1}.Debug|iPhone.Build.0 = Debug|Any CPU
		{D63E68AC-4280-4161-927D-22BAEB1F28E1}.Debug|iPhoneSimulator.ActiveCfg = Debug|Any CPU
		{D63E68AC-4280-4161-927D-22BAEB1F28E1}.Debug|iPhoneSimulator.Build.0 = Debug|Any CPU
		{D63E68AC-4280-4161-927D-22BAEB1F28E1}.Debug|x64.ActiveCfg = Debug|Any CPU
		{D63E68AC-4280-4161-927D-22BAEB1F28E1}.Debug|x64.Build.0 = Debug|Any CPU
		{D63E68AC-4280-4161-927D-22BAEB1F28E1}.Debug|x86.ActiveCfg = Debug|Any CPU
		{D63E68AC-4280-4161-927D-22BAEB1F28E1}.Debug|x86.Build.0 = Debug|Any CPU
		{D63E68AC-4280-4161-927D-22BAEB1F28E1}.Release|Any CPU.ActiveCfg = Release|Any CPU
		{D63E68AC-4280-4161-927D-22BAEB1F28E1}.Release|Any CPU.Build.0 = Release|Any CPU
		{D63E68AC-4280-4161-927D-22BAEB1F28E1}.Release|ARM.ActiveCfg = Release|Any CPU
		{D63E68AC-4280-4161-927D-22BAEB1F28E1}.Release|ARM.Build.0 = Release|Any CPU
		{D63E68AC-4280-4161-927D-22BAEB1F28E1}.Release|iPhone.ActiveCfg = Release|Any CPU
		{D63E68AC-4280-4161-927D-22BAEB1F28E1}.Release|iPhone.Build.0 = Release|Any CPU
		{D63E68AC-4280-4161-927D-22BAEB1F28E1}.Release|iPhoneSimulator.ActiveCfg = Release|Any CPU
		{D63E68AC-4280-4161-927D-22BAEB1F28E1}.Release|iPhoneSimulator.Build.0 = Release|Any CPU
		{D63E68AC-4280-4161-927D-22BAEB1F28E1}.Release|x64.ActiveCfg = Release|Any CPU
		{D63E68AC-4280-4161-927D-22BAEB1F28E1}.Release|x64.Build.0 = Release|Any CPU
		{D63E68AC-4280-4161-927D-22BAEB1F28E1}.Release|x86.ActiveCfg = Release|Any CPU
		{D63E68AC-4280-4161-927D-22BAEB1F28E1}.Release|x86.Build.0 = Release|Any CPU
		{CC546BE7-FC32-420E-9180-46D97C25BA55}.Ad-Hoc|Any CPU.ActiveCfg = Release|Any CPU
		{CC546BE7-FC32-420E-9180-46D97C25BA55}.Ad-Hoc|Any CPU.Build.0 = Release|Any CPU
		{CC546BE7-FC32-420E-9180-46D97C25BA55}.Ad-Hoc|Any CPU.Deploy.0 = Release|Any CPU
		{CC546BE7-FC32-420E-9180-46D97C25BA55}.Ad-Hoc|ARM.ActiveCfg = Release|Any CPU
		{CC546BE7-FC32-420E-9180-46D97C25BA55}.Ad-Hoc|ARM.Build.0 = Release|Any CPU
		{CC546BE7-FC32-420E-9180-46D97C25BA55}.Ad-Hoc|ARM.Deploy.0 = Release|Any CPU
		{CC546BE7-FC32-420E-9180-46D97C25BA55}.Ad-Hoc|iPhone.ActiveCfg = Release|Any CPU
		{CC546BE7-FC32-420E-9180-46D97C25BA55}.Ad-Hoc|iPhone.Build.0 = Release|Any CPU
		{CC546BE7-FC32-420E-9180-46D97C25BA55}.Ad-Hoc|iPhone.Deploy.0 = Release|Any CPU
		{CC546BE7-FC32-420E-9180-46D97C25BA55}.Ad-Hoc|iPhoneSimulator.ActiveCfg = Release|Any CPU
		{CC546BE7-FC32-420E-9180-46D97C25BA55}.Ad-Hoc|iPhoneSimulator.Build.0 = Release|Any CPU
		{CC546BE7-FC32-420E-9180-46D97C25BA55}.Ad-Hoc|iPhoneSimulator.Deploy.0 = Release|Any CPU
		{CC546BE7-FC32-420E-9180-46D97C25BA55}.Ad-Hoc|x64.ActiveCfg = Release|Any CPU
		{CC546BE7-FC32-420E-9180-46D97C25BA55}.Ad-Hoc|x64.Build.0 = Release|Any CPU
		{CC546BE7-FC32-420E-9180-46D97C25BA55}.Ad-Hoc|x64.Deploy.0 = Release|Any CPU
		{CC546BE7-FC32-420E-9180-46D97C25BA55}.Ad-Hoc|x86.ActiveCfg = Release|Any CPU
		{CC546BE7-FC32-420E-9180-46D97C25BA55}.Ad-Hoc|x86.Build.0 = Release|Any CPU
		{CC546BE7-FC32-420E-9180-46D97C25BA55}.Ad-Hoc|x86.Deploy.0 = Release|Any CPU
		{CC546BE7-FC32-420E-9180-46D97C25BA55}.AppStore|Any CPU.ActiveCfg = Release|Any CPU
		{CC546BE7-FC32-420E-9180-46D97C25BA55}.AppStore|Any CPU.Build.0 = Release|Any CPU
		{CC546BE7-FC32-420E-9180-46D97C25BA55}.AppStore|Any CPU.Deploy.0 = Release|Any CPU
		{CC546BE7-FC32-420E-9180-46D97C25BA55}.AppStore|ARM.ActiveCfg = Release|Any CPU
		{CC546BE7-FC32-420E-9180-46D97C25BA55}.AppStore|ARM.Build.0 = Release|Any CPU
		{CC546BE7-FC32-420E-9180-46D97C25BA55}.AppStore|ARM.Deploy.0 = Release|Any CPU
		{CC546BE7-FC32-420E-9180-46D97C25BA55}.AppStore|iPhone.ActiveCfg = Release|Any CPU
		{CC546BE7-FC32-420E-9180-46D97C25BA55}.AppStore|iPhone.Build.0 = Release|Any CPU
		{CC546BE7-FC32-420E-9180-46D97C25BA55}.AppStore|iPhone.Deploy.0 = Release|Any CPU
		{CC546BE7-FC32-420E-9180-46D97C25BA55}.AppStore|iPhoneSimulator.ActiveCfg = Release|Any CPU
		{CC546BE7-FC32-420E-9180-46D97C25BA55}.AppStore|iPhoneSimulator.Build.0 = Release|Any CPU
		{CC546BE7-FC32-420E-9180-46D97C25BA55}.AppStore|iPhoneSimulator.Deploy.0 = Release|Any CPU
		{CC546BE7-FC32-420E-9180-46D97C25BA55}.AppStore|x64.ActiveCfg = Release|Any CPU
		{CC546BE7-FC32-420E-9180-46D97C25BA55}.AppStore|x64.Build.0 = Release|Any CPU
		{CC546BE7-FC32-420E-9180-46D97C25BA55}.AppStore|x64.Deploy.0 = Release|Any CPU
		{CC546BE7-FC32-420E-9180-46D97C25BA55}.AppStore|x86.ActiveCfg = Release|Any CPU
		{CC546BE7-FC32-420E-9180-46D97C25BA55}.AppStore|x86.Build.0 = Release|Any CPU
		{CC546BE7-FC32-420E-9180-46D97C25BA55}.AppStore|x86.Deploy.0 = Release|Any CPU
		{CC546BE7-FC32-420E-9180-46D97C25BA55}.Debug|Any CPU.ActiveCfg = Debug|Any CPU
		{CC546BE7-FC32-420E-9180-46D97C25BA55}.Debug|Any CPU.Build.0 = Debug|Any CPU
		{CC546BE7-FC32-420E-9180-46D97C25BA55}.Debug|Any CPU.Deploy.0 = Debug|Any CPU
		{CC546BE7-FC32-420E-9180-46D97C25BA55}.Debug|ARM.ActiveCfg = Debug|Any CPU
		{CC546BE7-FC32-420E-9180-46D97C25BA55}.Debug|ARM.Build.0 = Debug|Any CPU
		{CC546BE7-FC32-420E-9180-46D97C25BA55}.Debug|ARM.Deploy.0 = Debug|Any CPU
		{CC546BE7-FC32-420E-9180-46D97C25BA55}.Debug|iPhone.ActiveCfg = Debug|Any CPU
		{CC546BE7-FC32-420E-9180-46D97C25BA55}.Debug|iPhone.Build.0 = Debug|Any CPU
		{CC546BE7-FC32-420E-9180-46D97C25BA55}.Debug|iPhone.Deploy.0 = Debug|Any CPU
		{CC546BE7-FC32-420E-9180-46D97C25BA55}.Debug|iPhoneSimulator.ActiveCfg = Debug|Any CPU
		{CC546BE7-FC32-420E-9180-46D97C25BA55}.Debug|iPhoneSimulator.Build.0 = Debug|Any CPU
		{CC546BE7-FC32-420E-9180-46D97C25BA55}.Debug|iPhoneSimulator.Deploy.0 = Debug|Any CPU
		{CC546BE7-FC32-420E-9180-46D97C25BA55}.Debug|x64.ActiveCfg = Debug|Any CPU
		{CC546BE7-FC32-420E-9180-46D97C25BA55}.Debug|x64.Build.0 = Debug|Any CPU
		{CC546BE7-FC32-420E-9180-46D97C25BA55}.Debug|x64.Deploy.0 = Debug|Any CPU
		{CC546BE7-FC32-420E-9180-46D97C25BA55}.Debug|x86.ActiveCfg = Debug|Any CPU
		{CC546BE7-FC32-420E-9180-46D97C25BA55}.Debug|x86.Build.0 = Debug|Any CPU
		{CC546BE7-FC32-420E-9180-46D97C25BA55}.Debug|x86.Deploy.0 = Debug|Any CPU
		{CC546BE7-FC32-420E-9180-46D97C25BA55}.Release|Any CPU.ActiveCfg = Release|Any CPU
		{CC546BE7-FC32-420E-9180-46D97C25BA55}.Release|Any CPU.Build.0 = Release|Any CPU
		{CC546BE7-FC32-420E-9180-46D97C25BA55}.Release|Any CPU.Deploy.0 = Release|Any CPU
		{CC546BE7-FC32-420E-9180-46D97C25BA55}.Release|ARM.ActiveCfg = Release|Any CPU
		{CC546BE7-FC32-420E-9180-46D97C25BA55}.Release|ARM.Build.0 = Release|Any CPU
		{CC546BE7-FC32-420E-9180-46D97C25BA55}.Release|ARM.Deploy.0 = Release|Any CPU
		{CC546BE7-FC32-420E-9180-46D97C25BA55}.Release|iPhone.ActiveCfg = Release|Any CPU
		{CC546BE7-FC32-420E-9180-46D97C25BA55}.Release|iPhone.Build.0 = Release|Any CPU
		{CC546BE7-FC32-420E-9180-46D97C25BA55}.Release|iPhone.Deploy.0 = Release|Any CPU
		{CC546BE7-FC32-420E-9180-46D97C25BA55}.Release|iPhoneSimulator.ActiveCfg = Release|Any CPU
		{CC546BE7-FC32-420E-9180-46D97C25BA55}.Release|iPhoneSimulator.Build.0 = Release|Any CPU
		{CC546BE7-FC32-420E-9180-46D97C25BA55}.Release|iPhoneSimulator.Deploy.0 = Release|Any CPU
		{CC546BE7-FC32-420E-9180-46D97C25BA55}.Release|x64.ActiveCfg = Release|Any CPU
		{CC546BE7-FC32-420E-9180-46D97C25BA55}.Release|x64.Build.0 = Release|Any CPU
		{CC546BE7-FC32-420E-9180-46D97C25BA55}.Release|x64.Deploy.0 = Release|Any CPU
		{CC546BE7-FC32-420E-9180-46D97C25BA55}.Release|x86.ActiveCfg = Release|Any CPU
		{CC546BE7-FC32-420E-9180-46D97C25BA55}.Release|x86.Build.0 = Release|Any CPU
		{CC546BE7-FC32-420E-9180-46D97C25BA55}.Release|x86.Deploy.0 = Release|Any CPU
		{2D6477B0-8440-449C-B569-36D1D23F2859}.Ad-Hoc|Any CPU.ActiveCfg = Ad-Hoc|iPhone
		{2D6477B0-8440-449C-B569-36D1D23F2859}.Ad-Hoc|ARM.ActiveCfg = Ad-Hoc|iPhone
		{2D6477B0-8440-449C-B569-36D1D23F2859}.Ad-Hoc|iPhone.ActiveCfg = Ad-Hoc|iPhone
		{2D6477B0-8440-449C-B569-36D1D23F2859}.Ad-Hoc|iPhone.Build.0 = Ad-Hoc|iPhone
		{2D6477B0-8440-449C-B569-36D1D23F2859}.Ad-Hoc|iPhoneSimulator.ActiveCfg = Ad-Hoc|iPhoneSimulator
		{2D6477B0-8440-449C-B569-36D1D23F2859}.Ad-Hoc|iPhoneSimulator.Build.0 = Ad-Hoc|iPhoneSimulator
		{2D6477B0-8440-449C-B569-36D1D23F2859}.Ad-Hoc|x64.ActiveCfg = Ad-Hoc|iPhone
		{2D6477B0-8440-449C-B569-36D1D23F2859}.Ad-Hoc|x86.ActiveCfg = Ad-Hoc|iPhone
		{2D6477B0-8440-449C-B569-36D1D23F2859}.AppStore|Any CPU.ActiveCfg = AppStore|iPhone
		{2D6477B0-8440-449C-B569-36D1D23F2859}.AppStore|ARM.ActiveCfg = AppStore|iPhone
		{2D6477B0-8440-449C-B569-36D1D23F2859}.AppStore|iPhone.ActiveCfg = AppStore|iPhone
		{2D6477B0-8440-449C-B569-36D1D23F2859}.AppStore|iPhone.Build.0 = AppStore|iPhone
		{2D6477B0-8440-449C-B569-36D1D23F2859}.AppStore|iPhoneSimulator.ActiveCfg = AppStore|iPhoneSimulator
		{2D6477B0-8440-449C-B569-36D1D23F2859}.AppStore|iPhoneSimulator.Build.0 = AppStore|iPhoneSimulator
		{2D6477B0-8440-449C-B569-36D1D23F2859}.AppStore|x64.ActiveCfg = AppStore|iPhone
		{2D6477B0-8440-449C-B569-36D1D23F2859}.AppStore|x86.ActiveCfg = AppStore|iPhone
		{2D6477B0-8440-449C-B569-36D1D23F2859}.Debug|Any CPU.ActiveCfg = Debug|iPhone
		{2D6477B0-8440-449C-B569-36D1D23F2859}.Debug|ARM.ActiveCfg = Debug|iPhone
		{2D6477B0-8440-449C-B569-36D1D23F2859}.Debug|iPhone.ActiveCfg = Debug|iPhone
		{2D6477B0-8440-449C-B569-36D1D23F2859}.Debug|iPhone.Build.0 = Debug|iPhone
		{2D6477B0-8440-449C-B569-36D1D23F2859}.Debug|iPhoneSimulator.ActiveCfg = Debug|iPhoneSimulator
		{2D6477B0-8440-449C-B569-36D1D23F2859}.Debug|iPhoneSimulator.Build.0 = Debug|iPhoneSimulator
		{2D6477B0-8440-449C-B569-36D1D23F2859}.Debug|x64.ActiveCfg = Debug|iPhone
		{2D6477B0-8440-449C-B569-36D1D23F2859}.Debug|x86.ActiveCfg = Debug|iPhone
		{2D6477B0-8440-449C-B569-36D1D23F2859}.Release|Any CPU.ActiveCfg = Release|iPhone
		{2D6477B0-8440-449C-B569-36D1D23F2859}.Release|ARM.ActiveCfg = Release|iPhone
		{2D6477B0-8440-449C-B569-36D1D23F2859}.Release|iPhone.ActiveCfg = Release|iPhone
		{2D6477B0-8440-449C-B569-36D1D23F2859}.Release|iPhone.Build.0 = Release|iPhone
		{2D6477B0-8440-449C-B569-36D1D23F2859}.Release|iPhoneSimulator.ActiveCfg = Release|iPhoneSimulator
		{2D6477B0-8440-449C-B569-36D1D23F2859}.Release|iPhoneSimulator.Build.0 = Release|iPhoneSimulator
		{2D6477B0-8440-449C-B569-36D1D23F2859}.Release|x64.ActiveCfg = Release|iPhone
		{2D6477B0-8440-449C-B569-36D1D23F2859}.Release|x86.ActiveCfg = Release|iPhone
		{0AC37521-176C-4F27-B32B-4F9726C751BF}.Ad-Hoc|Any CPU.ActiveCfg = Release|x86
		{0AC37521-176C-4F27-B32B-4F9726C751BF}.Ad-Hoc|Any CPU.Build.0 = Release|x86
		{0AC37521-176C-4F27-B32B-4F9726C751BF}.Ad-Hoc|Any CPU.Deploy.0 = Release|x86
		{0AC37521-176C-4F27-B32B-4F9726C751BF}.Ad-Hoc|ARM.ActiveCfg = Release|ARM
		{0AC37521-176C-4F27-B32B-4F9726C751BF}.Ad-Hoc|ARM.Build.0 = Release|ARM
		{0AC37521-176C-4F27-B32B-4F9726C751BF}.Ad-Hoc|ARM.Deploy.0 = Release|ARM
		{0AC37521-176C-4F27-B32B-4F9726C751BF}.Ad-Hoc|iPhone.ActiveCfg = Release|x86
		{0AC37521-176C-4F27-B32B-4F9726C751BF}.Ad-Hoc|iPhone.Build.0 = Release|x86
		{0AC37521-176C-4F27-B32B-4F9726C751BF}.Ad-Hoc|iPhone.Deploy.0 = Release|x86
		{0AC37521-176C-4F27-B32B-4F9726C751BF}.Ad-Hoc|iPhoneSimulator.ActiveCfg = Release|x86
		{0AC37521-176C-4F27-B32B-4F9726C751BF}.Ad-Hoc|iPhoneSimulator.Build.0 = Release|x86
		{0AC37521-176C-4F27-B32B-4F9726C751BF}.Ad-Hoc|iPhoneSimulator.Deploy.0 = Release|x86
		{0AC37521-176C-4F27-B32B-4F9726C751BF}.Ad-Hoc|x64.ActiveCfg = Release|x64
		{0AC37521-176C-4F27-B32B-4F9726C751BF}.Ad-Hoc|x64.Build.0 = Release|x64
		{0AC37521-176C-4F27-B32B-4F9726C751BF}.Ad-Hoc|x64.Deploy.0 = Release|x64
		{0AC37521-176C-4F27-B32B-4F9726C751BF}.Ad-Hoc|x86.ActiveCfg = Release|x86
		{0AC37521-176C-4F27-B32B-4F9726C751BF}.Ad-Hoc|x86.Build.0 = Release|x86
		{0AC37521-176C-4F27-B32B-4F9726C751BF}.Ad-Hoc|x86.Deploy.0 = Release|x86
		{0AC37521-176C-4F27-B32B-4F9726C751BF}.AppStore|Any CPU.ActiveCfg = Release|x86
		{0AC37521-176C-4F27-B32B-4F9726C751BF}.AppStore|Any CPU.Build.0 = Release|x86
		{0AC37521-176C-4F27-B32B-4F9726C751BF}.AppStore|Any CPU.Deploy.0 = Release|x86
		{0AC37521-176C-4F27-B32B-4F9726C751BF}.AppStore|ARM.ActiveCfg = Release|ARM
		{0AC37521-176C-4F27-B32B-4F9726C751BF}.AppStore|ARM.Build.0 = Release|ARM
		{0AC37521-176C-4F27-B32B-4F9726C751BF}.AppStore|ARM.Deploy.0 = Release|ARM
		{0AC37521-176C-4F27-B32B-4F9726C751BF}.AppStore|iPhone.ActiveCfg = Release|x86
		{0AC37521-176C-4F27-B32B-4F9726C751BF}.AppStore|iPhone.Build.0 = Release|x86
		{0AC37521-176C-4F27-B32B-4F9726C751BF}.AppStore|iPhone.Deploy.0 = Release|x86
		{0AC37521-176C-4F27-B32B-4F9726C751BF}.AppStore|iPhoneSimulator.ActiveCfg = Release|x86
		{0AC37521-176C-4F27-B32B-4F9726C751BF}.AppStore|iPhoneSimulator.Build.0 = Release|x86
		{0AC37521-176C-4F27-B32B-4F9726C751BF}.AppStore|iPhoneSimulator.Deploy.0 = Release|x86
		{0AC37521-176C-4F27-B32B-4F9726C751BF}.AppStore|x64.ActiveCfg = Release|x64
		{0AC37521-176C-4F27-B32B-4F9726C751BF}.AppStore|x64.Build.0 = Release|x64
		{0AC37521-176C-4F27-B32B-4F9726C751BF}.AppStore|x64.Deploy.0 = Release|x64
		{0AC37521-176C-4F27-B32B-4F9726C751BF}.AppStore|x86.ActiveCfg = Release|x86
		{0AC37521-176C-4F27-B32B-4F9726C751BF}.AppStore|x86.Build.0 = Release|x86
		{0AC37521-176C-4F27-B32B-4F9726C751BF}.AppStore|x86.Deploy.0 = Release|x86
		{0AC37521-176C-4F27-B32B-4F9726C751BF}.Debug|Any CPU.ActiveCfg = Debug|x86
		{0AC37521-176C-4F27-B32B-4F9726C751BF}.Debug|ARM.ActiveCfg = Debug|ARM
		{0AC37521-176C-4F27-B32B-4F9726C751BF}.Debug|ARM.Build.0 = Debug|ARM
		{0AC37521-176C-4F27-B32B-4F9726C751BF}.Debug|ARM.Deploy.0 = Debug|ARM
		{0AC37521-176C-4F27-B32B-4F9726C751BF}.Debug|iPhone.ActiveCfg = Debug|x86
		{0AC37521-176C-4F27-B32B-4F9726C751BF}.Debug|iPhoneSimulator.ActiveCfg = Debug|x86
		{0AC37521-176C-4F27-B32B-4F9726C751BF}.Debug|x64.ActiveCfg = Debug|x64
		{0AC37521-176C-4F27-B32B-4F9726C751BF}.Debug|x64.Build.0 = Debug|x64
		{0AC37521-176C-4F27-B32B-4F9726C751BF}.Debug|x64.Deploy.0 = Debug|x64
		{0AC37521-176C-4F27-B32B-4F9726C751BF}.Debug|x86.ActiveCfg = Debug|x86
		{0AC37521-176C-4F27-B32B-4F9726C751BF}.Debug|x86.Build.0 = Debug|x86
		{0AC37521-176C-4F27-B32B-4F9726C751BF}.Debug|x86.Deploy.0 = Debug|x86
		{0AC37521-176C-4F27-B32B-4F9726C751BF}.Release|Any CPU.ActiveCfg = Release|x86
		{0AC37521-176C-4F27-B32B-4F9726C751BF}.Release|ARM.ActiveCfg = Release|ARM
		{0AC37521-176C-4F27-B32B-4F9726C751BF}.Release|ARM.Build.0 = Release|ARM
		{0AC37521-176C-4F27-B32B-4F9726C751BF}.Release|ARM.Deploy.0 = Release|ARM
		{0AC37521-176C-4F27-B32B-4F9726C751BF}.Release|iPhone.ActiveCfg = Release|x86
		{0AC37521-176C-4F27-B32B-4F9726C751BF}.Release|iPhoneSimulator.ActiveCfg = Release|x86
		{0AC37521-176C-4F27-B32B-4F9726C751BF}.Release|x64.ActiveCfg = Release|x64
		{0AC37521-176C-4F27-B32B-4F9726C751BF}.Release|x64.Build.0 = Release|x64
		{0AC37521-176C-4F27-B32B-4F9726C751BF}.Release|x64.Deploy.0 = Release|x64
		{0AC37521-176C-4F27-B32B-4F9726C751BF}.Release|x86.ActiveCfg = Release|x86
		{0AC37521-176C-4F27-B32B-4F9726C751BF}.Release|x86.Build.0 = Release|x86
		{0AC37521-176C-4F27-B32B-4F9726C751BF}.Release|x86.Deploy.0 = Release|x86
	EndGlobalSection
	GlobalSection(SolutionProperties) = preSolution
		HideSolutionNode = FALSE
	EndGlobalSection
	GlobalSection(ExtensibilityGlobals) = postSolution
		SolutionGuid = {9AACDF2E-3803-47DA-8028-75D5D7335302}
	EndGlobalSection
EndGlobal
